
Microsoft Visual Studio Solution File, Format Version 12.00
# Visual Studio 15
VisualStudioVersion = 15.0.27130.2027
MinimumVisualStudioVersion = 10.0.40219.1
Project("{9A19103F-16F7-4668-BE54-9A1E7A4F7556}") = "UnitTests", "UnitTests\UnitTests.csproj", "{93DD41B5-4539-48D0-AFBE-93A84A91E9EF}"
EndProject
Project("{9A19103F-16F7-4668-BE54-9A1E7A4F7556}") = "Thira", "Thira\Thira.csproj", "{65207A16-441A-47BA-90C0-2CF3FE72230C}"
EndProject
Project("{FAE04EC0-301F-11D3-BF4B-00C04F79EFBC}") = "ConsoleApp1", "ConsoleApp1\ConsoleApp1.csproj", "{B1DE3227-5C20-4628-ABCC-E49004A95CE9}"
EndProject
Global
	GlobalSection(SolutionConfigurationPlatforms) = preSolution
		Debug|Any CPU = Debug|Any CPU
		Release|Any CPU = Release|Any CPU
	EndGlobalSection
	GlobalSection(ProjectConfigurationPlatforms) = postSolution
		{93DD41B5-4539-48D0-AFBE-93A84A91E9EF}.Debug|Any CPU.ActiveCfg = Debug|Any CPU
		{93DD41B5-4539-48D0-AFBE-93A84A91E9EF}.Debug|Any CPU.Build.0 = Debug|Any CPU
		{93DD41B5-4539-48D0-AFBE-93A84A91E9EF}.Release|Any CPU.ActiveCfg = Release|Any CPU
		{93DD41B5-4539-48D0-AFBE-93A84A91E9EF}.Release|Any CPU.Build.0 = Release|Any CPU
		{65207A16-441A-47BA-90C0-2CF3FE72230C}.Debug|Any CPU.ActiveCfg = Debug|Any CPU
		{65207A16-441A-47BA-90C0-2CF3FE72230C}.Debug|Any CPU.Build.0 = Debug|Any CPU
		{65207A16-441A-47BA-90C0-2CF3FE72230C}.Release|Any CPU.ActiveCfg = Release|Any CPU
		{65207A16-441A-47BA-90C0-2CF3FE72230C}.Release|Any CPU.Build.0 = Release|Any CPU
		{B1DE3227-5C20-4628-ABCC-E49004A95CE9}.Debug|Any CPU.ActiveCfg = Debug|Any CPU
		{B1DE3227-5C20-4628-ABCC-E49004A95CE9}.Debug|Any CPU.Build.0 = Debug|Any CPU
		{B1DE3227-5C20-4628-ABCC-E49004A95CE9}.Release|Any CPU.ActiveCfg = Release|Any CPU
		{B1DE3227-5C20-4628-ABCC-E49004A95CE9}.Release|Any CPU.Build.0 = Release|Any CPU
	EndGlobalSection
	GlobalSection(SolutionProperties) = preSolution
		HideSolutionNode = FALSE
	EndGlobalSection
	GlobalSection(ExtensibilityGlobals) = postSolution
		SolutionGuid = {B657F7D0-A7E3-45D9-9686-4E523828A993}
	EndGlobalSection
EndGlobal
